
Microsoft Visual Studio Solution File, Format Version 12.00
# Visual Studio Version 17
VisualStudioVersion = 17.2.32616.157
MinimumVisualStudioVersion = 10.0.40219.1
Project("{FAE04EC0-301F-11D3-BF4B-00C04F79EFBC}") = "QR-Code demo", "QR-Code demo\QR-Code demo.csproj", "{BC4456C8-5E5C-4AB0-9FBD-A9C71C18C598}"
EndProject
Global
	GlobalSection(SolutionConfigurationPlatforms) = preSolution
		Debug|Any CPU = Debug|Any CPU
		Release|Any CPU = Release|Any CPU
	EndGlobalSection
	GlobalSection(ProjectConfigurationPlatforms) = postSolution
		{BC4456C8-5E5C-4AB0-9FBD-A9C71C18C598}.Debug|Any CPU.ActiveCfg = Debug|Any CPU
		{BC4456C8-5E5C-4AB0-9FBD-A9C71C18C598}.Debug|Any CPU.Build.0 = Debug|Any CPU
		{BC4456C8-5E5C-4AB0-9FBD-A9C71C18C598}.Release|Any CPU.ActiveCfg = Release|Any CPU
		{BC4456C8-5E5C-4AB0-9FBD-A9C71C18C598}.Release|Any CPU.Build.0 = Release|Any CPU
	EndGlobalSection
	GlobalSection(SolutionProperties) = preSolution
		HideSolutionNode = FALSE
	EndGlobalSection
	GlobalSection(ExtensibilityGlobals) = postSolution
		SolutionGuid = {37B623F6-7E4A-4B36-BC52-F22202E678C2}
	EndGlobalSection
EndGlobal
